{
  "name": "@openclaw/rightnow",
  "version": "1.0.0",
  "lockfileVersion": 3,
  "requires": true,
  "packages": {
    "": {
      "name": "@openclaw/rightnow",
      "version": "1.0.0",
      "dependencies": {
        "@sinclair/typebox": "^0.34.51"
      }
    },
    "node_modules/@sinclair/typebox": {
      "version": "0.34.51",
      "resolved": "https://registry.npmjs.org/@sinclair/typebox/-/typebox-0.34.51.tgz",
      "integrity": "sha512-Nu4sNPT4G3QgAvxmdUCR/NBmsi23F2tEIcbMOZJVHS+qEgk+rmXxQikEeoKFyaX+UEggAoTvHUvIlj8MfYPzXQ==",
      "license": "MIT"
    }
  }
}
